
Microsoft Visual Studio Solution File, Format Version 12.00
# Visual Studio 14
VisualStudioVersion = 14.0.25420.1
MinimumVisualStudioVersion = 10.0.40219.1
Project("{FAE04EC0-301F-11D3-BF4B-00C04F79EFBC}") = "RPGApplication", "RPGApplication\RPGApplication.csproj", "{1A12D2CF-109F-4F02-92DA-5291076D7854}"
EndProject
Global
	GlobalSection(SolutionConfigurationPlatforms) = preSolution
		Debug|Any CPU = Debug|Any CPU
		Release|Any CPU = Release|Any CPU
	EndGlobalSection
	GlobalSection(ProjectConfigurationPlatforms) = postSolution
		{1A12D2CF-109F-4F02-92DA-5291076D7854}.Debug|Any CPU.ActiveCfg = Debug|Any CPU
		{1A12D2CF-109F-4F02-92DA-5291076D7854}.Debug|Any CPU.Build.0 = Debug|Any CPU
		{1A12D2CF-109F-4F02-92DA-5291076D7854}.Release|Any CPU.ActiveCfg = Release|Any CPU
		{1A12D2CF-109F-4F02-92DA-5291076D7854}.Release|Any CPU.Build.0 = Release|Any CPU
	EndGlobalSection
	GlobalSection(SolutionProperties) = preSolution
		HideSolutionNode = FALSE
	EndGlobalSection
EndGlobal
